
Microsoft Visual Studio Solution File, Format Version 12.00
# Visual Studio Version 17
VisualStudioVersion = 17.6.33829.357
MinimumVisualStudioVersion = 10.0.40219.1
Project("{9A19103F-16F7-4668-BE54-9A1E7A4F7556}") = "AspNetCoreIdentityApp.Web", "AspNetCoreIdentityApp.Web\AspNetCoreIdentityApp.Web.csproj", "{0FA0DB16-E602-494B-8CF9-24E8A1F4EFF4}"
EndProject
Global
	GlobalSection(SolutionConfigurationPlatforms) = preSolution
		Debug|Any CPU = Debug|Any CPU
		Release|Any CPU = Release|Any CPU
	EndGlobalSection
	GlobalSection(ProjectConfigurationPlatforms) = postSolution
		{0FA0DB16-E602-494B-8CF9-24E8A1F4EFF4}.Debug|Any CPU.ActiveCfg = Debug|Any CPU
		{0FA0DB16-E602-494B-8CF9-24E8A1F4EFF4}.Debug|Any CPU.Build.0 = Debug|Any CPU
		{0FA0DB16-E602-494B-8CF9-24E8A1F4EFF4}.Release|Any CPU.ActiveCfg = Release|Any CPU
		{0FA0DB16-E602-494B-8CF9-24E8A1F4EFF4}.Release|Any CPU.Build.0 = Release|Any CPU
	EndGlobalSection
	GlobalSection(SolutionProperties) = preSolution
		HideSolutionNode = FALSE
	EndGlobalSection
	GlobalSection(ExtensibilityGlobals) = postSolution
		SolutionGuid = {7F40E9B6-60DB-4AAF-BFE2-D1A002A68AA6}
	EndGlobalSection
EndGlobal
